PODS:
  - AFNetworking (2.5.3):
    - AFNetworking/NSURLConnection (= 2.5.3)
    - AFNetworking/NSURLSession (= 2.5.3)
    - AFNetworking/Reachability (= 2.5.3)
    - AFNetworking/Security (= 2.5.3)
    - AFNetworking/Serialization (= 2.5.3)
    - AFNetworking/UIKit (= 2.5.3)
  - AFNetworking/NSURLConnection (2.5.3):
    - AFNetworking/Reachability
    - AFNetworking/Security
    - AFNetworking/Serialization
  - AFNetworking/NSURLSession (2.5.3):
    - AFNetworking/Reachability
    - AFNetworking/Security
    - AFNetworking/Serialization
  - AFNetworking/Reachability (2.5.3)
  - AFNetworking/Security (2.5.3)
  - AFNetworking/Serialization (2.5.3)
  - AFNetworking/UIKit (2.5.3):
    - AFNetworking/NSURLConnection
    - AFNetworking/NSURLSession
  - Facade (0.1)
  - FLAnimatedImage (1.0.8)
  - GoogleAnalytics-iOS-SDK (3.11):
    - GoogleAnalytics-iOS-SDK/Core (= 3.11)
  - GoogleAnalytics-iOS-SDK/Core (3.11)
  - GTrack (0.9):
    - GoogleAnalytics-iOS-SDK
  - Realm (0.92.3):
    - Realm/Headers (= 0.92.3)
  - Realm/Headers (0.92.3)
  - SDWebImage (3.7.2):
    - SDWebImage/Core (= 3.7.2)
  - SDWebImage/Core (3.7.2)

DEPENDENCIES:
  - AFNetworking (~> 2.0)
  - Facade
  - FLAnimatedImage (~> 1.0)
  - GTrack
  - Realm
  - SDWebImage (~> 3.7)

SPEC CHECKSUMS:
  AFNetworking: e1d86c2a96bb5d2e7408da36149806706ee122fe
  Facade: 481bbfe37428ed428dc652de0d8faf74b076a27e
  FLAnimatedImage: f9422f796135aff80d8c00b2afc48015bb746e24
  GoogleAnalytics-iOS-SDK: fb15cc7e3d01d06d531653f37443fda90274d53d
  GTrack: ecbde933ffb173dfff88259c9e7c355abfbf78a4
  Realm: bf604805d5e897850da488260f93889f510924b3
  SDWebImage: 71b7cdc1d1721d6a82ed62889030225f2c249e29

COCOAPODS: 0.36.0.beta.1
